
Microsoft Visual Studio Solution File, Format Version 12.00
# Visual Studio Version 17
VisualStudioVersion = 17.8.34511.84
MinimumVisualStudioVersion = 10.0.40219.1
Project("{54A90642-561A-4BB1-A94E-469ADEE60C69}") = "Albion-Online-ZQRadar", "Albion-Online-ZQRadar.esproj", "{5F70195F-D7C5-4222-ADD3-830479926B1D}"
EndProject
Global
	GlobalSection(SolutionConfigurationPlatforms) = preSolution
		Debug|Any CPU = Debug|Any CPU
		Release|Any CPU = Release|Any CPU
	EndGlobalSection
	GlobalSection(ProjectConfigurationPlatforms) = postSolution
		{5F70195F-D7C5-4222-ADD3-830479926B1D}.Debug|Any CPU.ActiveCfg = Debug|Any CPU
		{5F70195F-D7C5-4222-ADD3-830479926B1D}.Debug|Any CPU.Build.0 = Debug|Any CPU
		{5F70195F-D7C5-4222-ADD3-830479926B1D}.Debug|Any CPU.Deploy.0 = Debug|Any CPU
		{5F70195F-D7C5-4222-ADD3-830479926B1D}.Release|Any CPU.ActiveCfg = Release|Any CPU
		{5F70195F-D7C5-4222-ADD3-830479926B1D}.Release|Any CPU.Build.0 = Release|Any CPU
		{5F70195F-D7C5-4222-ADD3-830479926B1D}.Release|Any CPU.Deploy.0 = Release|Any CPU
	EndGlobalSection
	GlobalSection(SolutionProperties) = preSolution
		HideSolutionNode = FALSE
	EndGlobalSection
	GlobalSection(ExtensibilityGlobals) = postSolution
		SolutionGuid = {A63E94BF-C2C0-4ACA-82AE-0D99CF7C95FB}
	EndGlobalSection
EndGlobal
